// !$*UTF8*$!
{
	archiveVersion = 1;
	classes = {
	};
	objectVersion = 56;
	objects = {

/* Begin PBXBuildFile section */
		33826D6954903CFAC3A51947 /* Pods_MyTask.framework in Frameworks */ = {isa = PBXBuildFile; fileRef = ACB6D4255F493D53AEA3AC8B /* Pods_MyTask.framework */; };
		91BCDF362D1C4B6400D3B5E5 /* Base in Resources */ = {isa = PBXBuildFile; fileRef = 91BCDF352D1C4B6400D3B5E5 /* Base */; };
		91BCDF382D1C4B6500D3B5E5 /* Assets.xcassets in Resources */ = {isa = PBXBuildFile; fileRef = 91BCDF372D1C4B6500D3B5E5 /* Assets.xcassets */; };
		91BCDF3B2D1C4B6500D3B5E5 /* Base in Resources */ = {isa = PBXBuildFile; fileRef = 91BCDF3A2D1C4B6500D3B5E5 /* Base */; };
		91BCDF442D1C4BFD00D3B5E5 /* AppDelegate.swift in Sources */ = {isa = PBXBuildFile; fileRef = 91BCDF432D1C4BFD00D3B5E5 /* AppDelegate.swift */; };
		91BCDF492D1C4C6F00D3B5E5 /* Task.swift in Sources */ = {isa = PBXBuildFile; fileRef = 91BCDF482D1C4C6F00D3B5E5 /* Task.swift */; };
		91BCDF4B2D1C4C8000D3B5E5 /* GeometricParams.swift in Sources */ = {isa = PBXBuildFile; fileRef = 91BCDF4A2D1C4C8000D3B5E5 /* GeometricParams.swift */; };
		91BCDF522D1C4D4A00D3B5E5 /* TaskCell.swift in Sources */ = {isa = PBXBuildFile; fileRef = 91BCDF512D1C4D4A00D3B5E5 /* TaskCell.swift */; };
		91BCDF542D1C4D5E00D3B5E5 /* TasksCell.swift in Sources */ = {isa = PBXBuildFile; fileRef = 91BCDF532D1C4D5E00D3B5E5 /* TasksCell.swift */; };
		91BCDF562D1C4D8300D3B5E5 /* TasksViewController.swift in Sources */ = {isa = PBXBuildFile; fileRef = 91BCDF552D1C4D8300D3B5E5 /* TasksViewController.swift */; };
		91BCDF592D1C4DFD00D3B5E5 /* TaskStore.swift in Sources */ = {isa = PBXBuildFile; fileRef = 91BCDF582D1C4DFD00D3B5E5 /* TaskStore.swift */; };
		91BCDF5B2D1C4E1A00D3B5E5 /* Mock.swift in Sources */ = {isa = PBXBuildFile; fileRef = 91BCDF5A2D1C4E1A00D3B5E5 /* Mock.swift */; };
		91BCDF5E2D1C4E4B00D3B5E5 /* UITableViewCell+Identifier.swift in Sources */ = {isa = PBXBuildFile; fileRef = 91BCDF5D2D1C4E4B00D3B5E5 /* UITableViewCell+Identifier.swift */; };
		91BCDF602D1C4E6400D3B5E5 /* UICollectionViewCell+Identifier.swift in Sources */ = {isa = PBXBuildFile; fileRef = 91BCDF5F2D1C4E6400D3B5E5 /* UICollectionViewCell+Identifier.swift */; };
		91BCDF622D1C4E7B00D3B5E5 /* DateFormatter+Extensions.swift in Sources */ = {isa = PBXBuildFile; fileRef = 91BCDF612D1C4E7B00D3B5E5 /* DateFormatter+Extensions.swift */; };
/* End PBXBuildFile section */

/* Begin PBXFileReference section */
		113AC556BDF90638FD122231 /* Pods-MyTask.debug.xcconfig */ = {isa = PBXFileReference; includeInIndex = 1; lastKnownFileType = text.xcconfig; name = "Pods-MyTask.debug.xcconfig"; path = "Target Support Files/Pods-MyTask/Pods-MyTask.debug.xcconfig"; sourceTree = "<group>"; };
		581830D2F4977D9C82F4C118 /* Pods-MyTask.release.xcconfig */ = {isa = PBXFileReference; includeInIndex = 1; lastKnownFileType = text.xcconfig; name = "Pods-MyTask.release.xcconfig"; path = "Target Support Files/Pods-MyTask/Pods-MyTask.release.xcconfig"; sourceTree = "<group>"; };
		91BCDF2B2D1C4B6400D3B5E5 /* MyTask.app */ = {isa = PBXFileReference; explicitFileType = wrapper.application; includeInIndex = 0; path = MyTask.app; sourceTree = BUILT_PRODUCTS_DIR; };
		91BCDF352D1C4B6400D3B5E5 /* Base */ = {isa = PBXFileReference; lastKnownFileType = file.storyboard; name = Base; path = Base.lproj/Main.storyboard; sourceTree = "<group>"; };
		91BCDF372D1C4B6500D3B5E5 /* Assets.xcassets */ = {isa = PBXFileReference; lastKnownFileType = folder.assetcatalog; path = Assets.xcassets; sourceTree = "<group>"; };
		91BCDF3A2D1C4B6500D3B5E5 /* Base */ = {isa = PBXFileReference; lastKnownFileType = file.storyboard; name = Base; path = Base.lproj/LaunchScreen.storyboard; sourceTree = "<group>"; };
		91BCDF3C2D1C4B6500D3B5E5 /* Info.plist */ = {isa = PBXFileReference; lastKnownFileType = text.plist.xml; path = Info.plist; sourceTree = "<group>"; };
		91BCDF432D1C4BFD00D3B5E5 /* AppDelegate.swift */ = {isa = PBXFileReference; lastKnownFileType = sourcecode.swift; path = AppDelegate.swift; sourceTree = "<group>"; };
		91BCDF482D1C4C6F00D3B5E5 /* Task.swift */ = {isa = PBXFileReference; lastKnownFileType = sourcecode.swift; path = Task.swift; sourceTree = "<group>"; };
		91BCDF4A2D1C4C8000D3B5E5 /* GeometricParams.swift */ = {isa = PBXFileReference; lastKnownFileType = sourcecode.swift; path = GeometricParams.swift; sourceTree = "<group>"; };
		91BCDF512D1C4D4A00D3B5E5 /* TaskCell.swift */ = {isa = PBXFileReference; lastKnownFileType = sourcecode.swift; path = TaskCell.swift; sourceTree = "<group>"; };
		91BCDF532D1C4D5E00D3B5E5 /* TasksCell.swift */ = {isa = PBXFileReference; lastKnownFileType = sourcecode.swift; path = TasksCell.swift; sourceTree = "<group>"; };
		91BCDF552D1C4D8300D3B5E5 /* TasksViewController.swift */ = {isa = PBXFileReference; lastKnownFileType = sourcecode.swift; path = TasksViewController.swift; sourceTree = "<group>"; };
		91BCDF582D1C4DFD00D3B5E5 /* TaskStore.swift */ = {isa = PBXFileReference; lastKnownFileType = sourcecode.swift; path = TaskStore.swift; sourceTree = "<group>"; };
		91BCDF5A2D1C4E1A00D3B5E5 /* Mock.swift */ = {isa = PBXFileReference; lastKnownFileType = sourcecode.swift; path = Mock.swift; sourceTree = "<group>"; };
		91BCDF5D2D1C4E4B00D3B5E5 /* UITableViewCell+Identifier.swift */ = {isa = PBXFileReference; lastKnownFileType = sourcecode.swift; path = "UITableViewCell+Identifier.swift"; sourceTree = "<group>"; };
		91BCDF5F2D1C4E6400D3B5E5 /* UICollectionViewCell+Identifier.swift */ = {isa = PBXFileReference; lastKnownFileType = sourcecode.swift; path = "UICollectionViewCell+Identifier.swift"; sourceTree = "<group>"; };
		91BCDF612D1C4E7B00D3B5E5 /* DateFormatter+Extensions.swift */ = {isa = PBXFileReference; lastKnownFileType = sourcecode.swift; path = "DateFormatter+Extensions.swift"; sourceTree = "<group>"; };
		ACB6D4255F493D53AEA3AC8B /* Pods_MyTask.framework */ = {isa = PBXFileReference; explicitFileType = wrapper.framework; includeInIndex = 0; path = Pods_MyTask.framework; sourceTree = BUILT_PRODUCTS_DIR; };
/* End PBXFileReference section */

/* Begin PBXFrameworksBuildPhase section */
		91BCDF282D1C4B6400D3B5E5 /* Frameworks */ = {
			isa = PBXFrameworksBuildPhase;
			buildActionMask = 2147483647;
			files = (
				33826D6954903CFAC3A51947 /* Pods_MyTask.framework in Frameworks */,
			);
			runOnlyForDeploymentPostprocessing = 0;
		};
/* End PBXFrameworksBuildPhase section */

/* Begin PBXGroup section */
		56CB532FFE8B3435F281FFB7 /* Pods */ = {
			isa = PBXGroup;
			children = (
				113AC556BDF90638FD122231 /* Pods-MyTask.debug.xcconfig */,
				581830D2F4977D9C82F4C118 /* Pods-MyTask.release.xcconfig */,
			);
			path = Pods;
			sourceTree = "<group>";
		};
		824B072E8D3DC7DCB671A278 /* Frameworks */ = {
			isa = PBXGroup;
			children = (
				ACB6D4255F493D53AEA3AC8B /* Pods_MyTask.framework */,
			);
			name = Frameworks;
			sourceTree = "<group>";
		};
		91BCDF222D1C4B6400D3B5E5 = {
			isa = PBXGroup;
			children = (
				91BCDF2D2D1C4B6400D3B5E5 /* MyTask */,
				91BCDF2C2D1C4B6400D3B5E5 /* Products */,
				56CB532FFE8B3435F281FFB7 /* Pods */,
				824B072E8D3DC7DCB671A278 /* Frameworks */,
			);
			sourceTree = "<group>";
		};
		91BCDF2C2D1C4B6400D3B5E5 /* Products */ = {
			isa = PBXGroup;
			children = (
				91BCDF2B2D1C4B6400D3B5E5 /* MyTask.app */,
			);
			name = Products;
			sourceTree = "<group>";
		};
		91BCDF2D2D1C4B6400D3B5E5 /* MyTask */ = {
			isa = PBXGroup;
			children = (
				91BCDF422D1C4BCD00D3B5E5 /* App */,
				91BCDF472D1C4C4D00D3B5E5 /* Model */,
				91BCDF4C2D1C4C9D00D3B5E5 /* UI */,
				91BCDF572D1C4DDF00D3B5E5 /* Services */,
				91BCDF5C2D1C4E3100D3B5E5 /* Helpers */,
				91BCDF632D1C4E9400D3B5E5 /* Resources */,
			);
			path = MyTask;
			sourceTree = "<group>";
		};
		91BCDF422D1C4BCD00D3B5E5 /* App */ = {
			isa = PBXGroup;
			children = (
				91BCDF432D1C4BFD00D3B5E5 /* AppDelegate.swift */,
			);
			path = App;
			sourceTree = "<group>";
		};
		91BCDF472D1C4C4D00D3B5E5 /* Model */ = {
			isa = PBXGroup;
			children = (
				91BCDF482D1C4C6F00D3B5E5 /* Task.swift */,
				91BCDF4A2D1C4C8000D3B5E5 /* GeometricParams.swift */,
			);
			path = Model;
			sourceTree = "<group>";
		};
		91BCDF4C2D1C4C9D00D3B5E5 /* UI */ = {
			isa = PBXGroup;
			children = (
				91BCDF392D1C4B6500D3B5E5 /* LaunchScreen.storyboard */,
				91BCDF342D1C4B6400D3B5E5 /* Main.storyboard */,
				91BCDF4D2D1C4CB400D3B5E5 /* Tasks */,
			);
			path = UI;
			sourceTree = "<group>";
		};
		91BCDF4D2D1C4CB400D3B5E5 /* Tasks */ = {
			isa = PBXGroup;
			children = (
				91BCDF4E2D1C4CBD00D3B5E5 /* Cells */,
				91BCDF552D1C4D8300D3B5E5 /* TasksViewController.swift */,
			);
			path = Tasks;
			sourceTree = "<group>";
		};
		91BCDF4E2D1C4CBD00D3B5E5 /* Cells */ = {
			isa = PBXGroup;
			children = (
				91BCDF512D1C4D4A00D3B5E5 /* TaskCell.swift */,
				91BCDF532D1C4D5E00D3B5E5 /* TasksCell.swift */,
			);
			path = Cells;
			sourceTree = "<group>";
		};
		91BCDF572D1C4DDF00D3B5E5 /* Services */ = {
			isa = PBXGroup;
			children = (
				91BCDF582D1C4DFD00D3B5E5 /* TaskStore.swift */,
				91BCDF5A2D1C4E1A00D3B5E5 /* Mock.swift */,
			);
			path = Services;
			sourceTree = "<group>";
		};
		91BCDF5C2D1C4E3100D3B5E5 /* Helpers */ = {
			isa = PBXGroup;
			children = (
				91BCDF5D2D1C4E4B00D3B5E5 /* UITableViewCell+Identifier.swift */,
				91BCDF5F2D1C4E6400D3B5E5 /* UICollectionViewCell+Identifier.swift */,
				91BCDF612D1C4E7B00D3B5E5 /* DateFormatter+Extensions.swift */,
			);
			path = Helpers;
			sourceTree = "<group>";
		};
		91BCDF632D1C4E9400D3B5E5 /* Resources */ = {
			isa = PBXGroup;
			children = (
				91BCDF3C2D1C4B6500D3B5E5 /* Info.plist */,
				91BCDF372D1C4B6500D3B5E5 /* Assets.xcassets */,
			);
			path = Resources;
			sourceTree = "<group>";
		};
/* End PBXGroup section */

/* Begin PBXNativeTarget section */
		91BCDF2A2D1C4B6400D3B5E5 /* MyTask */ = {
			isa = PBXNativeTarget;
			buildConfigurationList = 91BCDF3F2D1C4B6500D3B5E5 /* Build configuration list for PBXNativeTarget "MyTask" */;
			buildPhases = (
				84F9858EC7DAA9AA3741CBD0 /* [CP] Check Pods Manifest.lock */,
				91BCDF272D1C4B6400D3B5E5 /* Sources */,
				91BCDF282D1C4B6400D3B5E5 /* Frameworks */,
				91BCDF292D1C4B6400D3B5E5 /* Resources */,
				35795BF63A18D8DBFE2AF3A6 /* [CP] Embed Pods Frameworks */,
			);
			buildRules = (
			);
			dependencies = (
			);
			name = MyTask;
			productName = MyTask;
			productReference = 91BCDF2B2D1C4B6400D3B5E5 /* MyTask.app */;
			productType = "com.apple.product-type.application";
		};
/* End PBXNativeTarget section */

/* Begin PBXProject section */
		91BCDF232D1C4B6400D3B5E5 /* Project object */ = {
			isa = PBXProject;
			attributes = {
				BuildIndependentTargetsInParallel = 1;
				LastSwiftUpdateCheck = 1540;
				LastUpgradeCheck = 1540;
				TargetAttributes = {
					91BCDF2A2D1C4B6400D3B5E5 = {
						CreatedOnToolsVersion = 15.4;
					};
				};
			};
			buildConfigurationList = 91BCDF262D1C4B6400D3B5E5 /* Build configuration list for PBXProject "MyTask" */;
			compatibilityVersion = "Xcode 14.0";
			developmentRegion = en;
			hasScannedForEncodings = 0;
			knownRegions = (
				en,
				Base,
			);
			mainGroup = 91BCDF222D1C4B6400D3B5E5;
			productRefGroup = 91BCDF2C2D1C4B6400D3B5E5 /* Products */;
			projectDirPath = "";
			projectRoot = "";
			targets = (
				91BCDF2A2D1C4B6400D3B5E5 /* MyTask */,
			);
		};
/* End PBXProject section */

/* Begin PBXResourcesBuildPhase section */
		91BCDF292D1C4B6400D3B5E5 /* Resources */ = {
			isa = PBXResourcesBuildPhase;
			buildActionMask = 2147483647;
			files = (
				91BCDF382D1C4B6500D3B5E5 /* Assets.xcassets in Resources */,
				91BCDF3B2D1C4B6500D3B5E5 /* Base in Resources */,
				91BCDF362D1C4B6400D3B5E5 /* Base in Resources */,
			);
			runOnlyForDeploymentPostprocessing = 0;
		};
/* End PBXResourcesBuildPhase section */

/* Begin PBXShellScriptBuildPhase section */
		35795BF63A18D8DBFE2AF3A6 /* [CP] Embed Pods Frameworks */ = {
			isa = PBXShellScriptBuildPhase;
			buildActionMask = 2147483647;
			files = (
			);
			inputFileListPaths = (
				"${PODS_ROOT}/Target Support Files/Pods-MyTask/Pods-MyTask-frameworks-${CONFIGURATION}-input-files.xcfilelist",
			);
			name = "[CP] Embed Pods Frameworks";
			outputFileListPaths = (
				"${PODS_ROOT}/Target Support Files/Pods-MyTask/Pods-MyTask-frameworks-${CONFIGURATION}-output-files.xcfilelist",
			);
			runOnlyForDeploymentPostprocessing = 0;
			shellPath = /bin/sh;
			shellScript = "\"${PODS_ROOT}/Target Support Files/Pods-MyTask/Pods-MyTask-frameworks.sh\"\n";
			showEnvVarsInLog = 0;
		};
		84F9858EC7DAA9AA3741CBD0 /* [CP] Check Pods Manifest.lock */ = {
			isa = PBXShellScriptBuildPhase;
			buildActionMask = 2147483647;
			files = (
			);
			inputFileListPaths = (
			);
			inputPaths = (
				"${PODS_PODFILE_DIR_PATH}/Podfile.lock",
				"${PODS_ROOT}/Manifest.lock",
			);
			name = "[CP] Check Pods Manifest.lock";
			outputFileListPaths = (
			);
			outputPaths = (
				"$(DERIVED_FILE_DIR)/Pods-MyTask-checkManifestLockResult.txt",
			);
			runOnlyForDeploymentPostprocessing = 0;
			shellPath = /bin/sh;
			shellScript = "diff \"${PODS_PODFILE_DIR_PATH}/Podfile.lock\" \"${PODS_ROOT}/Manifest.lock\" > /dev/null\nif [ $? != 0 ] ; then\n    # print error to STDERR\n    echo \"error: The sandbox is not in sync with the Podfile.lock. Run 'pod install' or update your CocoaPods installation.\" >&2\n    exit 1\nfi\n# This output is used by Xcode 'outputs' to avoid re-running this script phase.\necho \"SUCCESS\" > \"${SCRIPT_OUTPUT_FILE_0}\"\n";
			showEnvVarsInLog = 0;
		};
/* End PBXShellScriptBuildPhase section */

/* Begin PBXSourcesBuildPhase section */
		91BCDF272D1C4B6400D3B5E5 /* Sources */ = {
			isa = PBXSourcesBuildPhase;
			buildActionMask = 2147483647;
			files = (
				91BCDF5E2D1C4E4B00D3B5E5 /* UITableViewCell+Identifier.swift in Sources */,
				91BCDF492D1C4C6F00D3B5E5 /* Task.swift in Sources */,
				91BCDF622D1C4E7B00D3B5E5 /* DateFormatter+Extensions.swift in Sources */,
				91BCDF562D1C4D8300D3B5E5 /* TasksViewController.swift in Sources */,
				91BCDF592D1C4DFD00D3B5E5 /* TaskStore.swift in Sources */,
				91BCDF542D1C4D5E00D3B5E5 /* TasksCell.swift in Sources */,
				91BCDF442D1C4BFD00D3B5E5 /* AppDelegate.swift in Sources */,
				91BCDF4B2D1C4C8000D3B5E5 /* GeometricParams.swift in Sources */,
				91BCDF522D1C4D4A00D3B5E5 /* TaskCell.swift in Sources */,
				91BCDF602D1C4E6400D3B5E5 /* UICollectionViewCell+Identifier.swift in Sources */,
				91BCDF5B2D1C4E1A00D3B5E5 /* Mock.swift in Sources */,
			);
			runOnlyForDeploymentPostprocessing = 0;
		};
/* End PBXSourcesBuildPhase section */

/* Begin PBXVariantGroup section */
		91BCDF342D1C4B6400D3B5E5 /* Main.storyboard */ = {
			isa = PBXVariantGroup;
			children = (
				91BCDF352D1C4B6400D3B5E5 /* Base */,
			);
			name = Main.storyboard;
			sourceTree = "<group>";
		};
		91BCDF392D1C4B6500D3B5E5 /* LaunchScreen.storyboard */ = {
			isa = PBXVariantGroup;
			children = (
				91BCDF3A2D1C4B6500D3B5E5 /* Base */,
			);
			name = LaunchScreen.storyboard;
			sourceTree = "<group>";
		};
/* End PBXVariantGroup section */

/* Begin XCBuildConfiguration section */
		91BCDF3D2D1C4B6500D3B5E5 /* Debug */ = {
			isa = XCBuildConfiguration;
			buildSettings = {
				ALWAYS_SEARCH_USER_PATHS = NO;
				ASSETCATALOG_COMPILER_GENERATE_SWIFT_ASSET_SYMBOL_EXTENSIONS = YES;
				CLANG_ANALYZER_NONNULL = YES;
				CLANG_ANALYZER_NUMBER_OBJECT_CONVERSION = YES_AGGRESSIVE;
				CLANG_CXX_LANGUAGE_STANDARD = "gnu++20";
				CLANG_ENABLE_MODULES = YES;
				CLANG_ENABLE_OBJC_ARC = YES;
				CLANG_ENABLE_OBJC_WEAK = YES;
				CLANG_WARN_BLOCK_CAPTURE_AUTORELEASING = YES;
				CLANG_WARN_BOOL_CONVERSION = YES;
				CLANG_WARN_COMMA = YES;
				CLANG_WARN_CONSTANT_CONVERSION = YES;
				CLANG_WARN_DEPRECATED_OBJC_IMPLEMENTATIONS = YES;
				CLANG_WARN_DIRECT_OBJC_ISA_USAGE = YES_ERROR;
				CLANG_WARN_DOCUMENTATION_COMMENTS = YES;
				CLANG_WARN_EMPTY_BODY = YES;
				CLANG_WARN_ENUM_CONVERSION = YES;
				CLANG_WARN_INFINITE_RECURSION = YES;
				CLANG_WARN_INT_CONVERSION = YES;
				CLANG_WARN_NON_LITERAL_NULL_CONVERSION = YES;
				CLANG_WARN_OBJC_IMPLICIT_RETAIN_SELF = YES;
				CLANG_WARN_OBJC_LITERAL_CONVERSION = YES;
				CLANG_WARN_OBJC_ROOT_CLASS = YES_ERROR;
				CLANG_WARN_QUOTED_INCLUDE_IN_FRAMEWORK_HEADER = YES;
				CLANG_WARN_RANGE_LOOP_ANALYSIS = YES;
				CLANG_WARN_STRICT_PROTOTYPES = YES;
				CLANG_WARN_SUSPICIOUS_MOVE = YES;
				CLANG_WARN_UNGUARDED_AVAILABILITY = YES_AGGRESSIVE;
				CLANG_WARN_UNREACHABLE_CODE = YES;
				CLANG_WARN__DUPLICATE_METHOD_MATCH = YES;
				COPY_PHASE_STRIP = NO;
				DEBUG_INFORMATION_FORMAT = dwarf;
				ENABLE_STRICT_OBJC_MSGSEND = YES;
				ENABLE_TESTABILITY = YES;
				ENABLE_USER_SCRIPT_SANDBOXING = YES;
				GCC_C_LANGUAGE_STANDARD = gnu17;
				GCC_DYNAMIC_NO_PIC = NO;
				GCC_NO_COMMON_BLOCKS = YES;
				GCC_OPTIMIZATION_LEVEL = 0;
				GCC_PREPROCESSOR_DEFINITIONS = (
					"DEBUG=1",
					"$(inherited)",
				);
				GCC_WARN_64_TO_32_BIT_CONVERSION = YES;
				GCC_WARN_ABOUT_RETURN_TYPE = YES_ERROR;
				GCC_WARN_UNDECLARED_SELECTOR = YES;
				GCC_WARN_UNINITIALIZED_AUTOS = YES_AGGRESSIVE;
				GCC_WARN_UNUSED_FUNCTION = YES;
				GCC_WARN_UNUSED_VARIABLE = YES;
				IPHONEOS_DEPLOYMENT_TARGET = 17.5;
				LOCALIZATION_PREFERS_STRING_CATALOGS = YES;
				MTL_ENABLE_DEBUG_INFO = INCLUDE_SOURCE;
				MTL_FAST_MATH = YES;
				ONLY_ACTIVE_ARCH = YES;
				SDKROOT = iphoneos;
				SWIFT_ACTIVE_COMPILATION_CONDITIONS = "DEBUG $(inherited)";
				SWIFT_OPTIMIZATION_LEVEL = "-Onone";
			};
			name = Debug;
		};
		91BCDF3E2D1C4B6500D3B5E5 /* Release */ = {
			isa = XCBuildConfiguration;
			buildSettings = {
				ALWAYS_SEARCH_USER_PATHS = NO;
				ASSETCATALOG_COMPILER_GENERATE_SWIFT_ASSET_SYMBOL_EXTENSIONS = YES;
				CLANG_ANALYZER_NONNULL = YES;
				CLANG_ANALYZER_NUMBER_OBJECT_CONVERSION = YES_AGGRESSIVE;
				CLANG_CXX_LANGUAGE_STANDARD = "gnu++20";
				CLANG_ENABLE_MODULES = YES;
				CLANG_ENABLE_OBJC_ARC = YES;
				CLANG_ENABLE_OBJC_WEAK = YES;
				CLANG_WARN_BLOCK_CAPTURE_AUTORELEASING = YES;
				CLANG_WARN_BOOL_CONVERSION = YES;
				CLANG_WARN_COMMA = YES;
				CLANG_WARN_CONSTANT_CONVERSION = YES;
				CLANG_WARN_DEPRECATED_OBJC_IMPLEMENTATIONS = YES;
				CLANG_WARN_DIRECT_OBJC_ISA_USAGE = YES_ERROR;
				CLANG_WARN_DOCUMENTATION_COMMENTS = YES;
				CLANG_WARN_EMPTY_BODY = YES;
				CLANG_WARN_ENUM_CONVERSION = YES;
				CLANG_WARN_INFINITE_RECURSION = YES;
				CLANG_WARN_INT_CONVERSION = YES;
				CLANG_WARN_NON_LITERAL_NULL_CONVERSION = YES;
				CLANG_WARN_OBJC_IMPLICIT_RETAIN_SELF = YES;
				CLANG_WARN_OBJC_LITERAL_CONVERSION = YES;
				CLANG_WARN_OBJC_ROOT_CLASS = YES_ERROR;
				CLANG_WARN_QUOTED_INCLUDE_IN_FRAMEWORK_HEADER = YES;
				CLANG_WARN_RANGE_LOOP_ANALYSIS = YES;
				CLANG_WARN_STRICT_PROTOTYPES = YES;
				CLANG_WARN_SUSPICIOUS_MOVE = YES;
				CLANG_WARN_UNGUARDED_AVAILABILITY = YES_AGGRESSIVE;
				CLANG_WARN_UNREACHABLE_CODE = YES;
				CLANG_WARN__DUPLICATE_METHOD_MATCH = YES;
				COPY_PHASE_STRIP = NO;
				DEBUG_INFORMATION_FORMAT = "dwarf-with-dsym";
				ENABLE_NS_ASSERTIONS = NO;
				ENABLE_STRICT_OBJC_MSGSEND = YES;
				ENABLE_USER_SCRIPT_SANDBOXING = YES;
				GCC_C_LANGUAGE_STANDARD = gnu17;
				GCC_NO_COMMON_BLOCKS = YES;
				GCC_WARN_64_TO_32_BIT_CONVERSION = YES;
				GCC_WARN_ABOUT_RETURN_TYPE = YES_ERROR;
				GCC_WARN_UNDECLARED_SELECTOR = YES;
				GCC_WARN_UNINITIALIZED_AUTOS = YES_AGGRESSIVE;
				GCC_WARN_UNUSED_FUNCTION = YES;
				GCC_WARN_UNUSED_VARIABLE = YES;
				IPHONEOS_DEPLOYMENT_TARGET = 17.5;
				LOCALIZATION_PREFERS_STRING_CATALOGS = YES;
				MTL_ENABLE_DEBUG_INFO = NO;
				MTL_FAST_MATH = YES;
				SDKROOT = iphoneos;
				SWIFT_COMPILATION_MODE = wholemodule;
				VALIDATE_PRODUCT = YES;
			};
			name = Release;
		};
		91BCDF402D1C4B6500D3B5E5 /* Debug */ = {
			isa = XCBuildConfiguration;
			baseConfigurationReference = 113AC556BDF90638FD122231 /* Pods-MyTask.debug.xcconfig */;
			buildSettings = {
				ASSETCATALOG_COMPILER_APPICON_NAME = AppIcon;
				ASSETCATALOG_COMPILER_GLOBAL_ACCENT_COLOR_NAME = AccentColor;
				CODE_SIGN_STYLE = Automatic;
				CURRENT_PROJECT_VERSION = 1;
				DEVELOPMENT_TEAM = UZVJKNB3WY;
				ENABLE_USER_SCRIPT_SANDBOXING = NO;
				GENERATE_INFOPLIST_FILE = YES;
				INFOPLIST_FILE = MyTask/Resources/Info.plist;
				INFOPLIST_KEY_UIApplicationSupportsIndirectInputEvents = YES;
				INFOPLIST_KEY_UILaunchStoryboardName = LaunchScreen;
				INFOPLIST_KEY_UISupportedInterfaceOrientations = UIInterfaceOrientationPortrait;
				INFOPLIST_KEY_UISupportedInterfaceOrientations_iPad = "UIInterfaceOrientationLandscapeLeft UIInterfaceOrientationLandscapeRight UIInterfaceOrientationPortrait UIInterfaceOrientationPortraitUpsideDown";
				IPHONEOS_DEPLOYMENT_TARGET = 12.0;
				LD_RUNPATH_SEARCH_PATHS = (
					"$(inherited)",
					"@executable_path/Frameworks",
				);
				MARKETING_VERSION = 1.0;
				PRODUCT_BUNDLE_IDENTIFIER = ru.nikolaidev.MyTask;
				PRODUCT_NAME = "$(TARGET_NAME)";
				SUPPORTED_PLATFORMS = "iphoneos iphonesimulator";
				SUPPORTS_MACCATALYST = NO;
				SUPPORTS_MAC_DESIGNED_FOR_IPHONE_IPAD = NO;
				SUPPORTS_XR_DESIGNED_FOR_IPHONE_IPAD = NO;
				SWIFT_EMIT_LOC_STRINGS = YES;
				SWIFT_VERSION = 5.0;
				TARGETED_DEVICE_FAMILY = 1;
			};
			name = Debug;
		};
		91BCDF412D1C4B6500D3B5E5 /* Release */ = {
			isa = XCBuildConfiguration;
			baseConfigurationReference = 581830D2F4977D9C82F4C118 /* Pods-MyTask.release.xcconfig */;
			buildSettings = {
				ASSETCATALOG_COMPILER_APPICON_NAME = AppIcon;
				ASSETCATALOG_COMPILER_GLOBAL_ACCENT_COLOR_NAME = AccentColor;
				CODE_SIGN_STYLE = Automatic;
				CURRENT_PROJECT_VERSION = 1;
				DEVELOPMENT_TEAM = UZVJKNB3WY;
				ENABLE_USER_SCRIPT_SANDBOXING = NO;
				GENERATE_INFOPLIST_FILE = YES;
				INFOPLIST_FILE = MyTask/Resources/Info.plist;
				INFOPLIST_KEY_UIApplicationSupportsIndirectInputEvents = YES;
				INFOPLIST_KEY_UILaunchStoryboardName = LaunchScreen;
				INFOPLIST_KEY_UISupportedInterfaceOrientations = UIInterfaceOrientationPortrait;
				INFOPLIST_KEY_UISupportedInterfaceOrientations_iPad = "UIInterfaceOrientationLandscapeLeft UIInterfaceOrientationLandscapeRight UIInterfaceOrientationPortrait UIInterfaceOrientationPortraitUpsideDown";
				IPHONEOS_DEPLOYMENT_TARGET = 12.0;
				LD_RUNPATH_SEARCH_PATHS = (
					"$(inherited)",
					"@executable_path/Frameworks",
				);
				MARKETING_VERSION = 1.0;
				PRODUCT_BUNDLE_IDENTIFIER = ru.nikolaidev.MyTask;
				PRODUCT_NAME = "$(TARGET_NAME)";
				SUPPORTED_PLATFORMS = "iphoneos iphonesimulator";
				SUPPORTS_MACCATALYST = NO;
				SUPPORTS_MAC_DESIGNED_FOR_IPHONE_IPAD = NO;
				SUPPORTS_XR_DESIGNED_FOR_IPHONE_IPAD = NO;
				SWIFT_EMIT_LOC_STRINGS = YES;
				SWIFT_VERSION = 5.0;
				TARGETED_DEVICE_FAMILY = 1;
			};
			name = Release;
		};
/* End XCBuildConfiguration section */

/* Begin XCConfigurationList section */
		91BCDF262D1C4B6400D3B5E5 /* Build configuration list for PBXProject "MyTask" */ = {
			isa = XCConfigurationList;
			buildConfigurations = (
				91BCDF3D2D1C4B6500D3B5E5 /* Debug */,
				91BCDF3E2D1C4B6500D3B5E5 /* Release */,
			);
			defaultConfigurationIsVisible = 0;
			defaultConfigurationName = Release;
		};
		91BCDF3F2D1C4B6500D3B5E5 /* Build configuration list for PBXNativeTarget "MyTask" */ = {
			isa = XCConfigurationList;
			buildConfigurations = (
				91BCDF402D1C4B6500D3B5E5 /* Debug */,
				91BCDF412D1C4B6500D3B5E5 /* Release */,
			);
			defaultConfigurationIsVisible = 0;
			defaultConfigurationName = Release;
		};
/* End XCConfigurationList section */
	};
	rootObject = 91BCDF232D1C4B6400D3B5E5 /* Project object */;
}
