// !$*UTF8*$!
{
	archiveVersion = 1;
	classes = {
	};
	objectVersion = 56;
	objects = {

/* Begin PBXBuildFile section */
		33826D6954903CFAC3A51947 /* Pods_MyTask.framework in Frameworks */ = {isa = PBXBuildFile; fileRef = ACB6D4255F493D53AEA3AC8B /* Pods_MyTask.framework */; };
		91844D262D1E9A070008C618 /* DataStore.swift in Sources */ = {isa = PBXBuildFile; fileRef = 91844D252D1E9A070008C618 /* DataStore.swift */; };
		91844D282D1E9A1B0008C618 /* NullStore.swift in Sources */ = {isa = PBXBuildFile; fileRef = 91844D272D1E9A1B0008C618 /* NullStore.swift */; };
		91844D2A2D1E9A690008C618 /* Date+Truncated.swift in Sources */ = {isa = PBXBuildFile; fileRef = 91844D292D1E9A690008C618 /* Date+Truncated.swift */; };
		91844D2C2D1E9D0A0008C618 /* Main.storyboard in Resources */ = {isa = PBXBuildFile; fileRef = 91844D2B2D1E9D0A0008C618 /* Main.storyboard */; };
		91844D3F2D1F0FD10008C618 /* TasksCell.xib in Resources */ = {isa = PBXBuildFile; fileRef = 91844D3E2D1F0FD10008C618 /* TasksCell.xib */; };
		91844D412D1F133B0008C618 /* TaskCell.xib in Resources */ = {isa = PBXBuildFile; fileRef = 91844D402D1F133B0008C618 /* TaskCell.xib */; };
		91844D442D1F541D0008C618 /* .swiftlint.yml in Resources */ = {isa = PBXBuildFile; fileRef = 91844D432D1F541D0008C618 /* .swiftlint.yml */; };
		91844D572D2026930008C618 /* Array+Extensions.swift in Sources */ = {isa = PBXBuildFile; fileRef = 91844D562D2026930008C618 /* Array+Extensions.swift */; };
		91844D592D2026BE0008C618 /* ArrayTests.swift in Sources */ = {isa = PBXBuildFile; fileRef = 91844D582D2026BE0008C618 /* ArrayTests.swift */; };
		91ACAE162D1C941E0012DEF9 /* DateCell.swift in Sources */ = {isa = PBXBuildFile; fileRef = 91ACAE122D1C941E0012DEF9 /* DateCell.swift */; };
		91ACAE172D1C941E0012DEF9 /* TitleCell.swift in Sources */ = {isa = PBXBuildFile; fileRef = 91ACAE102D1C941E0012DEF9 /* TitleCell.swift */; };
		91ACAE182D1C941E0012DEF9 /* TaskViewController.swift in Sources */ = {isa = PBXBuildFile; fileRef = 91ACAE142D1C941E0012DEF9 /* TaskViewController.swift */; };
		91ACAE192D1C941E0012DEF9 /* DescriptionCell.swift in Sources */ = {isa = PBXBuildFile; fileRef = 91ACAE112D1C941E0012DEF9 /* DescriptionCell.swift */; };
		91ACAE262D1C96DF0012DEF9 /* TaskRealm.swift in Sources */ = {isa = PBXBuildFile; fileRef = 91ACAE252D1C96DF0012DEF9 /* TaskRealm.swift */; };
		91BCDF382D1C4B6500D3B5E5 /* Assets.xcassets in Resources */ = {isa = PBXBuildFile; fileRef = 91BCDF372D1C4B6500D3B5E5 /* Assets.xcassets */; };
		91BCDF3B2D1C4B6500D3B5E5 /* Base in Resources */ = {isa = PBXBuildFile; fileRef = 91BCDF3A2D1C4B6500D3B5E5 /* Base */; };
		91BCDF442D1C4BFD00D3B5E5 /* AppDelegate.swift in Sources */ = {isa = PBXBuildFile; fileRef = 91BCDF432D1C4BFD00D3B5E5 /* AppDelegate.swift */; };
		91BCDF492D1C4C6F00D3B5E5 /* Task.swift in Sources */ = {isa = PBXBuildFile; fileRef = 91BCDF482D1C4C6F00D3B5E5 /* Task.swift */; };
		91BCDF4B2D1C4C8000D3B5E5 /* GeometricParams.swift in Sources */ = {isa = PBXBuildFile; fileRef = 91BCDF4A2D1C4C8000D3B5E5 /* GeometricParams.swift */; };
		91BCDF522D1C4D4A00D3B5E5 /* TaskCell.swift in Sources */ = {isa = PBXBuildFile; fileRef = 91BCDF512D1C4D4A00D3B5E5 /* TaskCell.swift */; };
		91BCDF542D1C4D5E00D3B5E5 /* TasksCell.swift in Sources */ = {isa = PBXBuildFile; fileRef = 91BCDF532D1C4D5E00D3B5E5 /* TasksCell.swift */; };
		91BCDF562D1C4D8300D3B5E5 /* TasksViewController.swift in Sources */ = {isa = PBXBuildFile; fileRef = 91BCDF552D1C4D8300D3B5E5 /* TasksViewController.swift */; };
		91BCDF592D1C4DFD00D3B5E5 /* TaskStore.swift in Sources */ = {isa = PBXBuildFile; fileRef = 91BCDF582D1C4DFD00D3B5E5 /* TaskStore.swift */; };
		91BCDF5E2D1C4E4B00D3B5E5 /* UITableViewCell+Identifier.swift in Sources */ = {isa = PBXBuildFile; fileRef = 91BCDF5D2D1C4E4B00D3B5E5 /* UITableViewCell+Identifier.swift */; };
		91BCDF602D1C4E6400D3B5E5 /* UICollectionViewCell+Identifier.swift in Sources */ = {isa = PBXBuildFile; fileRef = 91BCDF5F2D1C4E6400D3B5E5 /* UICollectionViewCell+Identifier.swift */; };
		91BCDF622D1C4E7B00D3B5E5 /* DateFormatter+Extensions.swift in Sources */ = {isa = PBXBuildFile; fileRef = 91BCDF612D1C4E7B00D3B5E5 /* DateFormatter+Extensions.swift */; };
		AD93490AE57F1FDCAE25CA39 /* libPods-MyTaskTests.a in Frameworks */ = {isa = PBXBuildFile; fileRef = 1AF0CBBB00B89577EE40FA51 /* libPods-MyTaskTests.a */; };
/* End PBXBuildFile section */

/* Begin PBXContainerItemProxy section */
		91844D512D2023B00008C618 /* PBXContainerItemProxy */ = {
			isa = PBXContainerItemProxy;
			containerPortal = 91BCDF232D1C4B6400D3B5E5 /* Project object */;
			proxyType = 1;
			remoteGlobalIDString = 91BCDF2A2D1C4B6400D3B5E5;
			remoteInfo = MyTask;
		};
/* End PBXContainerItemProxy section */

/* Begin PBXFileReference section */
		113AC556BDF90638FD122231 /* Pods-MyTask.debug.xcconfig */ = {isa = PBXFileReference; includeInIndex = 1; lastKnownFileType = text.xcconfig; name = "Pods-MyTask.debug.xcconfig"; path = "Target Support Files/Pods-MyTask/Pods-MyTask.debug.xcconfig"; sourceTree = "<group>"; };
		1AF0CBBB00B89577EE40FA51 /* libPods-MyTaskTests.a */ = {isa = PBXFileReference; explicitFileType = archive.ar; includeInIndex = 0; path = "libPods-MyTaskTests.a"; sourceTree = BUILT_PRODUCTS_DIR; };
		581830D2F4977D9C82F4C118 /* Pods-MyTask.release.xcconfig */ = {isa = PBXFileReference; includeInIndex = 1; lastKnownFileType = text.xcconfig; name = "Pods-MyTask.release.xcconfig"; path = "Target Support Files/Pods-MyTask/Pods-MyTask.release.xcconfig"; sourceTree = "<group>"; };
		91844D252D1E9A070008C618 /* DataStore.swift */ = {isa = PBXFileReference; fileEncoding = 4; lastKnownFileType = sourcecode.swift; path = DataStore.swift; sourceTree = "<group>"; };
		91844D272D1E9A1B0008C618 /* NullStore.swift */ = {isa = PBXFileReference; fileEncoding = 4; lastKnownFileType = sourcecode.swift; path = NullStore.swift; sourceTree = "<group>"; };
		91844D292D1E9A690008C618 /* Date+Truncated.swift */ = {isa = PBXFileReference; fileEncoding = 4; lastKnownFileType = sourcecode.swift; path = "Date+Truncated.swift"; sourceTree = "<group>"; };
		91844D2B2D1E9D0A0008C618 /* Main.storyboard */ = {isa = PBXFileReference; lastKnownFileType = file.storyboard; path = Main.storyboard; sourceTree = "<group>"; };
		91844D3E2D1F0FD10008C618 /* TasksCell.xib */ = {isa = PBXFileReference; lastKnownFileType = file.xib; path = TasksCell.xib; sourceTree = "<group>"; };
		91844D402D1F133B0008C618 /* TaskCell.xib */ = {isa = PBXFileReference; lastKnownFileType = file.xib; path = TaskCell.xib; sourceTree = "<group>"; };
		91844D432D1F541D0008C618 /* .swiftlint.yml */ = {isa = PBXFileReference; lastKnownFileType = text.yaml; path = .swiftlint.yml; sourceTree = "<group>"; };
		91844D4D2D2023AF0008C618 /* MyTaskTests.xctest */ = {isa = PBXFileReference; explicitFileType = wrapper.cfbundle; includeInIndex = 0; path = MyTaskTests.xctest; sourceTree = BUILT_PRODUCTS_DIR; };
		91844D562D2026930008C618 /* Array+Extensions.swift */ = {isa = PBXFileReference; lastKnownFileType = sourcecode.swift; path = "Array+Extensions.swift"; sourceTree = "<group>"; };
		91844D582D2026BE0008C618 /* ArrayTests.swift */ = {isa = PBXFileReference; lastKnownFileType = sourcecode.swift; path = ArrayTests.swift; sourceTree = "<group>"; };
		91ACAE102D1C941E0012DEF9 /* TitleCell.swift */ = {isa = PBXFileReference; lastKnownFileType = sourcecode.swift; path = TitleCell.swift; sourceTree = "<group>"; };
		91ACAE112D1C941E0012DEF9 /* DescriptionCell.swift */ = {isa = PBXFileReference; lastKnownFileType = sourcecode.swift; path = DescriptionCell.swift; sourceTree = "<group>"; };
		91ACAE122D1C941E0012DEF9 /* DateCell.swift */ = {isa = PBXFileReference; lastKnownFileType = sourcecode.swift; path = DateCell.swift; sourceTree = "<group>"; };
		91ACAE142D1C941E0012DEF9 /* TaskViewController.swift */ = {isa = PBXFileReference; lastKnownFileType = sourcecode.swift; path = TaskViewController.swift; sourceTree = "<group>"; };
		91ACAE252D1C96DF0012DEF9 /* TaskRealm.swift */ = {isa = PBXFileReference; lastKnownFileType = sourcecode.swift; path = TaskRealm.swift; sourceTree = "<group>"; };
		91BCDF2B2D1C4B6400D3B5E5 /* MyTask.app */ = {isa = PBXFileReference; explicitFileType = wrapper.application; includeInIndex = 0; path = MyTask.app; sourceTree = BUILT_PRODUCTS_DIR; };
		91BCDF372D1C4B6500D3B5E5 /* Assets.xcassets */ = {isa = PBXFileReference; lastKnownFileType = folder.assetcatalog; path = Assets.xcassets; sourceTree = "<group>"; };
		91BCDF3A2D1C4B6500D3B5E5 /* Base */ = {isa = PBXFileReference; lastKnownFileType = file.storyboard; name = Base; path = Base.lproj/LaunchScreen.storyboard; sourceTree = "<group>"; };
		91BCDF3C2D1C4B6500D3B5E5 /* Info.plist */ = {isa = PBXFileReference; lastKnownFileType = text.plist.xml; path = Info.plist; sourceTree = "<group>"; };
		91BCDF432D1C4BFD00D3B5E5 /* AppDelegate.swift */ = {isa = PBXFileReference; lastKnownFileType = sourcecode.swift; path = AppDelegate.swift; sourceTree = "<group>"; };
		91BCDF482D1C4C6F00D3B5E5 /* Task.swift */ = {isa = PBXFileReference; lastKnownFileType = sourcecode.swift; path = Task.swift; sourceTree = "<group>"; };
		91BCDF4A2D1C4C8000D3B5E5 /* GeometricParams.swift */ = {isa = PBXFileReference; lastKnownFileType = sourcecode.swift; path = GeometricParams.swift; sourceTree = "<group>"; };
		91BCDF512D1C4D4A00D3B5E5 /* TaskCell.swift */ = {isa = PBXFileReference; lastKnownFileType = sourcecode.swift; path = TaskCell.swift; sourceTree = "<group>"; };
		91BCDF532D1C4D5E00D3B5E5 /* TasksCell.swift */ = {isa = PBXFileReference; lastKnownFileType = sourcecode.swift; path = TasksCell.swift; sourceTree = "<group>"; };
		91BCDF552D1C4D8300D3B5E5 /* TasksViewController.swift */ = {isa = PBXFileReference; lastKnownFileType = sourcecode.swift; path = TasksViewController.swift; sourceTree = "<group>"; };
		91BCDF582D1C4DFD00D3B5E5 /* TaskStore.swift */ = {isa = PBXFileReference; lastKnownFileType = sourcecode.swift; path = TaskStore.swift; sourceTree = "<group>"; };
		91BCDF5D2D1C4E4B00D3B5E5 /* UITableViewCell+Identifier.swift */ = {isa = PBXFileReference; lastKnownFileType = sourcecode.swift; path = "UITableViewCell+Identifier.swift"; sourceTree = "<group>"; };
		91BCDF5F2D1C4E6400D3B5E5 /* UICollectionViewCell+Identifier.swift */ = {isa = PBXFileReference; lastKnownFileType = sourcecode.swift; path = "UICollectionViewCell+Identifier.swift"; sourceTree = "<group>"; };
		91BCDF612D1C4E7B00D3B5E5 /* DateFormatter+Extensions.swift */ = {isa = PBXFileReference; lastKnownFileType = sourcecode.swift; path = "DateFormatter+Extensions.swift"; sourceTree = "<group>"; };
		A2543E9A8A057ED5F6A637BB /* Pods-MyTaskTests.debug.xcconfig */ = {isa = PBXFileReference; includeInIndex = 1; lastKnownFileType = text.xcconfig; name = "Pods-MyTaskTests.debug.xcconfig"; path = "Target Support Files/Pods-MyTaskTests/Pods-MyTaskTests.debug.xcconfig"; sourceTree = "<group>"; };
		ACB6D4255F493D53AEA3AC8B /* Pods_MyTask.framework */ = {isa = PBXFileReference; explicitFileType = wrapper.framework; includeInIndex = 0; path = Pods_MyTask.framework; sourceTree = BUILT_PRODUCTS_DIR; };
		D2F5018E859DF1E9157690DF /* Pods-MyTaskTests.release.xcconfig */ = {isa = PBXFileReference; includeInIndex = 1; lastKnownFileType = text.xcconfig; name = "Pods-MyTaskTests.release.xcconfig"; path = "Target Support Files/Pods-MyTaskTests/Pods-MyTaskTests.release.xcconfig"; sourceTree = "<group>"; };
/* End PBXFileReference section */

/* Begin PBXFrameworksBuildPhase section */
		91844D4A2D2023AF0008C618 /* Frameworks */ = {
			isa = PBXFrameworksBuildPhase;
			buildActionMask = 2147483647;
			files = (
				AD93490AE57F1FDCAE25CA39 /* libPods-MyTaskTests.a in Frameworks */,
			);
			runOnlyForDeploymentPostprocessing = 0;
		};
		91BCDF282D1C4B6400D3B5E5 /* Frameworks */ = {
			isa = PBXFrameworksBuildPhase;
			buildActionMask = 2147483647;
			files = (
				33826D6954903CFAC3A51947 /* Pods_MyTask.framework in Frameworks */,
			);
			runOnlyForDeploymentPostprocessing = 0;
		};
/* End PBXFrameworksBuildPhase section */

/* Begin PBXGroup section */
		56CB532FFE8B3435F281FFB7 /* Pods */ = {
			isa = PBXGroup;
			children = (
				113AC556BDF90638FD122231 /* Pods-MyTask.debug.xcconfig */,
				581830D2F4977D9C82F4C118 /* Pods-MyTask.release.xcconfig */,
				A2543E9A8A057ED5F6A637BB /* Pods-MyTaskTests.debug.xcconfig */,
				D2F5018E859DF1E9157690DF /* Pods-MyTaskTests.release.xcconfig */,
			);
			path = Pods;
			sourceTree = "<group>";
		};
		824B072E8D3DC7DCB671A278 /* Frameworks */ = {
			isa = PBXGroup;
			children = (
				ACB6D4255F493D53AEA3AC8B /* Pods_MyTask.framework */,
				1AF0CBBB00B89577EE40FA51 /* libPods-MyTaskTests.a */,
			);
			name = Frameworks;
			sourceTree = "<group>";
		};
		91844D2D2D1EA0F00008C618 /* CustomComponents */ = {
			isa = PBXGroup;
			children = (
			);
			path = CustomComponents;
			sourceTree = "<group>";
		};
		91844D4E2D2023B00008C618 /* MyTaskTests */ = {
			isa = PBXGroup;
			children = (
				91844D582D2026BE0008C618 /* ArrayTests.swift */,
			);
			path = MyTaskTests;
			sourceTree = "<group>";
		};
		91ACAE132D1C941E0012DEF9 /* Cells */ = {
			isa = PBXGroup;
			children = (
				91ACAE102D1C941E0012DEF9 /* TitleCell.swift */,
				91ACAE112D1C941E0012DEF9 /* DescriptionCell.swift */,
				91ACAE122D1C941E0012DEF9 /* DateCell.swift */,
			);
			path = Cells;
			sourceTree = "<group>";
		};
		91ACAE152D1C941E0012DEF9 /* Task */ = {
			isa = PBXGroup;
			children = (
				91ACAE132D1C941E0012DEF9 /* Cells */,
				91ACAE142D1C941E0012DEF9 /* TaskViewController.swift */,
			);
			path = Task;
			sourceTree = "<group>";
		};
		91ACAE242D1C968E0012DEF9 /* ManagedObject */ = {
			isa = PBXGroup;
			children = (
				91ACAE252D1C96DF0012DEF9 /* TaskRealm.swift */,
			);
			path = ManagedObject;
			sourceTree = "<group>";
		};
		91BCDF222D1C4B6400D3B5E5 = {
			isa = PBXGroup;
			children = (
				91844D432D1F541D0008C618 /* .swiftlint.yml */,
				91BCDF2D2D1C4B6400D3B5E5 /* MyTask */,
				91844D4E2D2023B00008C618 /* MyTaskTests */,
				91BCDF2C2D1C4B6400D3B5E5 /* Products */,
				56CB532FFE8B3435F281FFB7 /* Pods */,
				824B072E8D3DC7DCB671A278 /* Frameworks */,
			);
			sourceTree = "<group>";
		};
		91BCDF2C2D1C4B6400D3B5E5 /* Products */ = {
			isa = PBXGroup;
			children = (
				91BCDF2B2D1C4B6400D3B5E5 /* MyTask.app */,
				91844D4D2D2023AF0008C618 /* MyTaskTests.xctest */,
			);
			name = Products;
			sourceTree = "<group>";
		};
		91BCDF2D2D1C4B6400D3B5E5 /* MyTask */ = {
			isa = PBXGroup;
			children = (
				91BCDF422D1C4BCD00D3B5E5 /* App */,
				91BCDF472D1C4C4D00D3B5E5 /* Model */,
				91BCDF4C2D1C4C9D00D3B5E5 /* UI */,
				91BCDF572D1C4DDF00D3B5E5 /* DataStore */,
				91BCDF5C2D1C4E3100D3B5E5 /* Helpers */,
				91BCDF632D1C4E9400D3B5E5 /* Resources */,
			);
			path = MyTask;
			sourceTree = "<group>";
		};
		91BCDF422D1C4BCD00D3B5E5 /* App */ = {
			isa = PBXGroup;
			children = (
				91BCDF432D1C4BFD00D3B5E5 /* AppDelegate.swift */,
			);
			path = App;
			sourceTree = "<group>";
		};
		91BCDF472D1C4C4D00D3B5E5 /* Model */ = {
			isa = PBXGroup;
			children = (
				91BCDF482D1C4C6F00D3B5E5 /* Task.swift */,
				91BCDF4A2D1C4C8000D3B5E5 /* GeometricParams.swift */,
			);
			path = Model;
			sourceTree = "<group>";
		};
		91BCDF4C2D1C4C9D00D3B5E5 /* UI */ = {
			isa = PBXGroup;
			children = (
				91844D2D2D1EA0F00008C618 /* CustomComponents */,
				91BCDF392D1C4B6500D3B5E5 /* LaunchScreen.storyboard */,
				91844D2B2D1E9D0A0008C618 /* Main.storyboard */,
				91BCDF4D2D1C4CB400D3B5E5 /* Tasks */,
				91ACAE152D1C941E0012DEF9 /* Task */,
			);
			path = UI;
			sourceTree = "<group>";
		};
		91BCDF4D2D1C4CB400D3B5E5 /* Tasks */ = {
			isa = PBXGroup;
			children = (
				91BCDF4E2D1C4CBD00D3B5E5 /* Cells */,
				91BCDF552D1C4D8300D3B5E5 /* TasksViewController.swift */,
			);
			path = Tasks;
			sourceTree = "<group>";
		};
		91BCDF4E2D1C4CBD00D3B5E5 /* Cells */ = {
			isa = PBXGroup;
			children = (
				91BCDF512D1C4D4A00D3B5E5 /* TaskCell.swift */,
				91844D402D1F133B0008C618 /* TaskCell.xib */,
				91BCDF532D1C4D5E00D3B5E5 /* TasksCell.swift */,
				91844D3E2D1F0FD10008C618 /* TasksCell.xib */,
			);
			path = Cells;
			sourceTree = "<group>";
		};
		91BCDF572D1C4DDF00D3B5E5 /* DataStore */ = {
			isa = PBXGroup;
			children = (
				91ACAE242D1C968E0012DEF9 /* ManagedObject */,
				91844D252D1E9A070008C618 /* DataStore.swift */,
				91844D272D1E9A1B0008C618 /* NullStore.swift */,
				91BCDF582D1C4DFD00D3B5E5 /* TaskStore.swift */,
			);
			path = DataStore;
			sourceTree = "<group>";
		};
		91BCDF5C2D1C4E3100D3B5E5 /* Helpers */ = {
			isa = PBXGroup;
			children = (
				91844D292D1E9A690008C618 /* Date+Truncated.swift */,
				91BCDF5D2D1C4E4B00D3B5E5 /* UITableViewCell+Identifier.swift */,
				91BCDF5F2D1C4E6400D3B5E5 /* UICollectionViewCell+Identifier.swift */,
				91BCDF612D1C4E7B00D3B5E5 /* DateFormatter+Extensions.swift */,
				91844D562D2026930008C618 /* Array+Extensions.swift */,
			);
			path = Helpers;
			sourceTree = "<group>";
		};
		91BCDF632D1C4E9400D3B5E5 /* Resources */ = {
			isa = PBXGroup;
			children = (
				91BCDF3C2D1C4B6500D3B5E5 /* Info.plist */,
				91BCDF372D1C4B6500D3B5E5 /* Assets.xcassets */,
			);
			path = Resources;
			sourceTree = "<group>";
		};
/* End PBXGroup section */

/* Begin PBXNativeTarget section */
		91844D4C2D2023AF0008C618 /* MyTaskTests */ = {
			isa = PBXNativeTarget;
			buildConfigurationList = 91844D552D2023B00008C618 /* Build configuration list for PBXNativeTarget "MyTaskTests" */;
			buildPhases = (
				2CCA72CFB30E79317DBDC6D0 /* [CP] Check Pods Manifest.lock */,
				91844D492D2023AF0008C618 /* Sources */,
				91844D4A2D2023AF0008C618 /* Frameworks */,
				91844D4B2D2023AF0008C618 /* Resources */,
			);
			buildRules = (
			);
			dependencies = (
				91844D522D2023B00008C618 /* PBXTargetDependency */,
			);
			name = MyTaskTests;
			productName = MyTaskTests;
			productReference = 91844D4D2D2023AF0008C618 /* MyTaskTests.xctest */;
			productType = "com.apple.product-type.bundle.unit-test";
		};
		91BCDF2A2D1C4B6400D3B5E5 /* MyTask */ = {
			isa = PBXNativeTarget;
			buildConfigurationList = 91BCDF3F2D1C4B6500D3B5E5 /* Build configuration list for PBXNativeTarget "MyTask" */;
			buildPhases = (
				84F9858EC7DAA9AA3741CBD0 /* [CP] Check Pods Manifest.lock */,
				91BCDF272D1C4B6400D3B5E5 /* Sources */,
				91BCDF282D1C4B6400D3B5E5 /* Frameworks */,
				91BCDF292D1C4B6400D3B5E5 /* Resources */,
				35795BF63A18D8DBFE2AF3A6 /* [CP] Embed Pods Frameworks */,
				91844D462D1F56990008C618 /* SwiftLint */,
			);
			buildRules = (
			);
			dependencies = (
			);
			name = MyTask;
			productName = MyTask;
			productReference = 91BCDF2B2D1C4B6400D3B5E5 /* MyTask.app */;
			productType = "com.apple.product-type.application";
		};
/* End PBXNativeTarget section */

/* Begin PBXProject section */
		91BCDF232D1C4B6400D3B5E5 /* Project object */ = {
			isa = PBXProject;
			attributes = {
				BuildIndependentTargetsInParallel = 1;
				LastSwiftUpdateCheck = 1540;
				LastUpgradeCheck = 1540;
				TargetAttributes = {
					91844D4C2D2023AF0008C618 = {
						CreatedOnToolsVersion = 15.4;
						TestTargetID = 91BCDF2A2D1C4B6400D3B5E5;
					};
					91BCDF2A2D1C4B6400D3B5E5 = {
						CreatedOnToolsVersion = 15.4;
					};
				};
			};
			buildConfigurationList = 91BCDF262D1C4B6400D3B5E5 /* Build configuration list for PBXProject "MyTask" */;
			compatibilityVersion = "Xcode 14.0";
			developmentRegion = en;
			hasScannedForEncodings = 0;
			knownRegions = (
				en,
				Base,
			);
			mainGroup = 91BCDF222D1C4B6400D3B5E5;
			productRefGroup = 91BCDF2C2D1C4B6400D3B5E5 /* Products */;
			projectDirPath = "";
			projectRoot = "";
			targets = (
				91BCDF2A2D1C4B6400D3B5E5 /* MyTask */,
				91844D4C2D2023AF0008C618 /* MyTaskTests */,
			);
		};
/* End PBXProject section */

/* Begin PBXResourcesBuildPhase section */
		91844D4B2D2023AF0008C618 /* Resources */ = {
			isa = PBXResourcesBuildPhase;
			buildActionMask = 2147483647;
			files = (
			);
			runOnlyForDeploymentPostprocessing = 0;
		};
		91BCDF292D1C4B6400D3B5E5 /* Resources */ = {
			isa = PBXResourcesBuildPhase;
			buildActionMask = 2147483647;
			files = (
				91844D442D1F541D0008C618 /* .swiftlint.yml in Resources */,
				91844D3F2D1F0FD10008C618 /* TasksCell.xib in Resources */,
				91844D412D1F133B0008C618 /* TaskCell.xib in Resources */,
				91844D2C2D1E9D0A0008C618 /* Main.storyboard in Resources */,
				91BCDF382D1C4B6500D3B5E5 /* Assets.xcassets in Resources */,
				91BCDF3B2D1C4B6500D3B5E5 /* Base in Resources */,
			);
			runOnlyForDeploymentPostprocessing = 0;
		};
/* End PBXResourcesBuildPhase section */

/* Begin PBXShellScriptBuildPhase section */
		2CCA72CFB30E79317DBDC6D0 /* [CP] Check Pods Manifest.lock */ = {
			isa = PBXShellScriptBuildPhase;
			buildActionMask = 2147483647;
			files = (
			);
			inputFileListPaths = (
			);
			inputPaths = (
				"${PODS_PODFILE_DIR_PATH}/Podfile.lock",
				"${PODS_ROOT}/Manifest.lock",
			);
			name = "[CP] Check Pods Manifest.lock";
			outputFileListPaths = (
			);
			outputPaths = (
				"$(DERIVED_FILE_DIR)/Pods-MyTaskTests-checkManifestLockResult.txt",
			);
			runOnlyForDeploymentPostprocessing = 0;
			shellPath = /bin/sh;
			shellScript = "diff \"${PODS_PODFILE_DIR_PATH}/Podfile.lock\" \"${PODS_ROOT}/Manifest.lock\" > /dev/null\nif [ $? != 0 ] ; then\n    # print error to STDERR\n    echo \"error: The sandbox is not in sync with the Podfile.lock. Run 'pod install' or update your CocoaPods installation.\" >&2\n    exit 1\nfi\n# This output is used by Xcode 'outputs' to avoid re-running this script phase.\necho \"SUCCESS\" > \"${SCRIPT_OUTPUT_FILE_0}\"\n";
			showEnvVarsInLog = 0;
		};
		35795BF63A18D8DBFE2AF3A6 /* [CP] Embed Pods Frameworks */ = {
			isa = PBXShellScriptBuildPhase;
			buildActionMask = 2147483647;
			files = (
			);
			inputFileListPaths = (
				"${PODS_ROOT}/Target Support Files/Pods-MyTask/Pods-MyTask-frameworks-${CONFIGURATION}-input-files.xcfilelist",
			);
			name = "[CP] Embed Pods Frameworks";
			outputFileListPaths = (
				"${PODS_ROOT}/Target Support Files/Pods-MyTask/Pods-MyTask-frameworks-${CONFIGURATION}-output-files.xcfilelist",
			);
			runOnlyForDeploymentPostprocessing = 0;
			shellPath = /bin/sh;
			shellScript = "\"${PODS_ROOT}/Target Support Files/Pods-MyTask/Pods-MyTask-frameworks.sh\"\n";
			showEnvVarsInLog = 0;
		};
		84F9858EC7DAA9AA3741CBD0 /* [CP] Check Pods Manifest.lock */ = {
			isa = PBXShellScriptBuildPhase;
			buildActionMask = 2147483647;
			files = (
			);
			inputFileListPaths = (
			);
			inputPaths = (
				"${PODS_PODFILE_DIR_PATH}/Podfile.lock",
				"${PODS_ROOT}/Manifest.lock",
			);
			name = "[CP] Check Pods Manifest.lock";
			outputFileListPaths = (
			);
			outputPaths = (
				"$(DERIVED_FILE_DIR)/Pods-MyTask-checkManifestLockResult.txt",
			);
			runOnlyForDeploymentPostprocessing = 0;
			shellPath = /bin/sh;
			shellScript = "diff \"${PODS_PODFILE_DIR_PATH}/Podfile.lock\" \"${PODS_ROOT}/Manifest.lock\" > /dev/null\nif [ $? != 0 ] ; then\n    # print error to STDERR\n    echo \"error: The sandbox is not in sync with the Podfile.lock. Run 'pod install' or update your CocoaPods installation.\" >&2\n    exit 1\nfi\n# This output is used by Xcode 'outputs' to avoid re-running this script phase.\necho \"SUCCESS\" > \"${SCRIPT_OUTPUT_FILE_0}\"\n";
			showEnvVarsInLog = 0;
		};
		91844D462D1F56990008C618 /* SwiftLint */ = {
			isa = PBXShellScriptBuildPhase;
			alwaysOutOfDate = 1;
			buildActionMask = 2147483647;
			files = (
			);
			inputFileListPaths = (
			);
			inputPaths = (
			);
			name = SwiftLint;
			outputFileListPaths = (
			);
			outputPaths = (
			);
			runOnlyForDeploymentPostprocessing = 0;
			shellPath = /bin/sh;
			shellScript = "${PODS_ROOT}/SwiftLint/swiftlint\n";
		};
/* End PBXShellScriptBuildPhase section */

/* Begin PBXSourcesBuildPhase section */
		91844D492D2023AF0008C618 /* Sources */ = {
			isa = PBXSourcesBuildPhase;
			buildActionMask = 2147483647;
			files = (
				91844D592D2026BE0008C618 /* ArrayTests.swift in Sources */,
			);
			runOnlyForDeploymentPostprocessing = 0;
		};
		91BCDF272D1C4B6400D3B5E5 /* Sources */ = {
			isa = PBXSourcesBuildPhase;
			buildActionMask = 2147483647;
			files = (
				91ACAE162D1C941E0012DEF9 /* DateCell.swift in Sources */,
				91844D262D1E9A070008C618 /* DataStore.swift in Sources */,
				91844D2A2D1E9A690008C618 /* Date+Truncated.swift in Sources */,
				91ACAE172D1C941E0012DEF9 /* TitleCell.swift in Sources */,
				91ACAE182D1C941E0012DEF9 /* TaskViewController.swift in Sources */,
				91ACAE192D1C941E0012DEF9 /* DescriptionCell.swift in Sources */,
				91BCDF5E2D1C4E4B00D3B5E5 /* UITableViewCell+Identifier.swift in Sources */,
				91844D282D1E9A1B0008C618 /* NullStore.swift in Sources */,
				91BCDF492D1C4C6F00D3B5E5 /* Task.swift in Sources */,
				91BCDF622D1C4E7B00D3B5E5 /* DateFormatter+Extensions.swift in Sources */,
				91BCDF562D1C4D8300D3B5E5 /* TasksViewController.swift in Sources */,
				91BCDF592D1C4DFD00D3B5E5 /* TaskStore.swift in Sources */,
				91BCDF542D1C4D5E00D3B5E5 /* TasksCell.swift in Sources */,
				91BCDF442D1C4BFD00D3B5E5 /* AppDelegate.swift in Sources */,
				91BCDF4B2D1C4C8000D3B5E5 /* GeometricParams.swift in Sources */,
				91BCDF522D1C4D4A00D3B5E5 /* TaskCell.swift in Sources */,
				91BCDF602D1C4E6400D3B5E5 /* UICollectionViewCell+Identifier.swift in Sources */,
				91844D572D2026930008C618 /* Array+Extensions.swift in Sources */,
				91ACAE262D1C96DF0012DEF9 /* TaskRealm.swift in Sources */,
			);
			runOnlyForDeploymentPostprocessing = 0;
		};
/* End PBXSourcesBuildPhase section */

/* Begin PBXTargetDependency section */
		91844D522D2023B00008C618 /* PBXTargetDependency */ = {
			isa = PBXTargetDependency;
			target = 91BCDF2A2D1C4B6400D3B5E5 /* MyTask */;
			targetProxy = 91844D512D2023B00008C618 /* PBXContainerItemProxy */;
		};
/* End PBXTargetDependency section */

/* Begin PBXVariantGroup section */
		91BCDF392D1C4B6500D3B5E5 /* LaunchScreen.storyboard */ = {
			isa = PBXVariantGroup;
			children = (
				91BCDF3A2D1C4B6500D3B5E5 /* Base */,
			);
			name = LaunchScreen.storyboard;
			sourceTree = "<group>";
		};
/* End PBXVariantGroup section */

/* Begin XCBuildConfiguration section */
		91844D532D2023B00008C618 /* Debug */ = {
			isa = XCBuildConfiguration;
			baseConfigurationReference = A2543E9A8A057ED5F6A637BB /* Pods-MyTaskTests.debug.xcconfig */;
			buildSettings = {
				BUNDLE_LOADER = "$(TEST_HOST)";
				CODE_SIGN_STYLE = Automatic;
				CURRENT_PROJECT_VERSION = 1;
				DEVELOPMENT_TEAM = UZVJKNB3WY;
				FRAMEWORK_SEARCH_PATHS = RealmSwift.framework;
				GENERATE_INFOPLIST_FILE = YES;
				MARKETING_VERSION = 1.0;
				PRODUCT_BUNDLE_IDENTIFIER = ru.nikolaidev.MyTaskTests;
				PRODUCT_NAME = "$(TARGET_NAME)";
				SUPPORTED_PLATFORMS = "iphoneos iphonesimulator";
				SUPPORTS_MACCATALYST = NO;
				SUPPORTS_MAC_DESIGNED_FOR_IPHONE_IPAD = NO;
				SUPPORTS_XR_DESIGNED_FOR_IPHONE_IPAD = NO;
				SWIFT_EMIT_LOC_STRINGS = NO;
				SWIFT_VERSION = 5.0;
				TARGETED_DEVICE_FAMILY = 1;
				TEST_HOST = "$(BUILT_PRODUCTS_DIR)/MyTask.app/$(BUNDLE_EXECUTABLE_FOLDER_PATH)/MyTask";
			};
			name = Debug;
		};
		91844D542D2023B00008C618 /* Release */ = {
			isa = XCBuildConfiguration;
			baseConfigurationReference = D2F5018E859DF1E9157690DF /* Pods-MyTaskTests.release.xcconfig */;
			buildSettings = {
				BUNDLE_LOADER = "$(TEST_HOST)";
				CODE_SIGN_STYLE = Automatic;
				CURRENT_PROJECT_VERSION = 1;
				DEVELOPMENT_TEAM = UZVJKNB3WY;
				FRAMEWORK_SEARCH_PATHS = RealmSwift.framework;
				GENERATE_INFOPLIST_FILE = YES;
				MARKETING_VERSION = 1.0;
				PRODUCT_BUNDLE_IDENTIFIER = ru.nikolaidev.MyTaskTests;
				PRODUCT_NAME = "$(TARGET_NAME)";
				SUPPORTED_PLATFORMS = "iphoneos iphonesimulator";
				SUPPORTS_MACCATALYST = NO;
				SUPPORTS_MAC_DESIGNED_FOR_IPHONE_IPAD = NO;
				SUPPORTS_XR_DESIGNED_FOR_IPHONE_IPAD = NO;
				SWIFT_EMIT_LOC_STRINGS = NO;
				SWIFT_VERSION = 5.0;
				TARGETED_DEVICE_FAMILY = 1;
				TEST_HOST = "$(BUILT_PRODUCTS_DIR)/MyTask.app/$(BUNDLE_EXECUTABLE_FOLDER_PATH)/MyTask";
			};
			name = Release;
		};
		91BCDF3D2D1C4B6500D3B5E5 /* Debug */ = {
			isa = XCBuildConfiguration;
			buildSettings = {
				ALWAYS_SEARCH_USER_PATHS = NO;
				ASSETCATALOG_COMPILER_GENERATE_SWIFT_ASSET_SYMBOL_EXTENSIONS = YES;
				CLANG_ANALYZER_NONNULL = YES;
				CLANG_ANALYZER_NUMBER_OBJECT_CONVERSION = YES_AGGRESSIVE;
				CLANG_CXX_LANGUAGE_STANDARD = "gnu++20";
				CLANG_ENABLE_MODULES = YES;
				CLANG_ENABLE_OBJC_ARC = YES;
				CLANG_ENABLE_OBJC_WEAK = YES;
				CLANG_WARN_BLOCK_CAPTURE_AUTORELEASING = YES;
				CLANG_WARN_BOOL_CONVERSION = YES;
				CLANG_WARN_COMMA = YES;
				CLANG_WARN_CONSTANT_CONVERSION = YES;
				CLANG_WARN_DEPRECATED_OBJC_IMPLEMENTATIONS = YES;
				CLANG_WARN_DIRECT_OBJC_ISA_USAGE = YES_ERROR;
				CLANG_WARN_DOCUMENTATION_COMMENTS = YES;
				CLANG_WARN_EMPTY_BODY = YES;
				CLANG_WARN_ENUM_CONVERSION = YES;
				CLANG_WARN_INFINITE_RECURSION = YES;
				CLANG_WARN_INT_CONVERSION = YES;
				CLANG_WARN_NON_LITERAL_NULL_CONVERSION = YES;
				CLANG_WARN_OBJC_IMPLICIT_RETAIN_SELF = YES;
				CLANG_WARN_OBJC_LITERAL_CONVERSION = YES;
				CLANG_WARN_OBJC_ROOT_CLASS = YES_ERROR;
				CLANG_WARN_QUOTED_INCLUDE_IN_FRAMEWORK_HEADER = YES;
				CLANG_WARN_RANGE_LOOP_ANALYSIS = YES;
				CLANG_WARN_STRICT_PROTOTYPES = YES;
				CLANG_WARN_SUSPICIOUS_MOVE = YES;
				CLANG_WARN_UNGUARDED_AVAILABILITY = YES_AGGRESSIVE;
				CLANG_WARN_UNREACHABLE_CODE = YES;
				CLANG_WARN__DUPLICATE_METHOD_MATCH = YES;
				COPY_PHASE_STRIP = NO;
				DEBUG_INFORMATION_FORMAT = dwarf;
				ENABLE_STRICT_OBJC_MSGSEND = YES;
				ENABLE_TESTABILITY = YES;
				ENABLE_USER_SCRIPT_SANDBOXING = YES;
				GCC_C_LANGUAGE_STANDARD = gnu17;
				GCC_DYNAMIC_NO_PIC = NO;
				GCC_NO_COMMON_BLOCKS = YES;
				GCC_OPTIMIZATION_LEVEL = 0;
				GCC_PREPROCESSOR_DEFINITIONS = (
					"DEBUG=1",
					"$(inherited)",
				);
				GCC_WARN_64_TO_32_BIT_CONVERSION = YES;
				GCC_WARN_ABOUT_RETURN_TYPE = YES_ERROR;
				GCC_WARN_UNDECLARED_SELECTOR = YES;
				GCC_WARN_UNINITIALIZED_AUTOS = YES_AGGRESSIVE;
				GCC_WARN_UNUSED_FUNCTION = YES;
				GCC_WARN_UNUSED_VARIABLE = YES;
				IPHONEOS_DEPLOYMENT_TARGET = 17.5;
				LOCALIZATION_PREFERS_STRING_CATALOGS = YES;
				MTL_ENABLE_DEBUG_INFO = INCLUDE_SOURCE;
				MTL_FAST_MATH = YES;
				ONLY_ACTIVE_ARCH = YES;
				SDKROOT = iphoneos;
				SWIFT_ACTIVE_COMPILATION_CONDITIONS = "DEBUG $(inherited)";
				SWIFT_OPTIMIZATION_LEVEL = "-Onone";
			};
			name = Debug;
		};
		91BCDF3E2D1C4B6500D3B5E5 /* Release */ = {
			isa = XCBuildConfiguration;
			buildSettings = {
				ALWAYS_SEARCH_USER_PATHS = NO;
				ASSETCATALOG_COMPILER_GENERATE_SWIFT_ASSET_SYMBOL_EXTENSIONS = YES;
				CLANG_ANALYZER_NONNULL = YES;
				CLANG_ANALYZER_NUMBER_OBJECT_CONVERSION = YES_AGGRESSIVE;
				CLANG_CXX_LANGUAGE_STANDARD = "gnu++20";
				CLANG_ENABLE_MODULES = YES;
				CLANG_ENABLE_OBJC_ARC = YES;
				CLANG_ENABLE_OBJC_WEAK = YES;
				CLANG_WARN_BLOCK_CAPTURE_AUTORELEASING = YES;
				CLANG_WARN_BOOL_CONVERSION = YES;
				CLANG_WARN_COMMA = YES;
				CLANG_WARN_CONSTANT_CONVERSION = YES;
				CLANG_WARN_DEPRECATED_OBJC_IMPLEMENTATIONS = YES;
				CLANG_WARN_DIRECT_OBJC_ISA_USAGE = YES_ERROR;
				CLANG_WARN_DOCUMENTATION_COMMENTS = YES;
				CLANG_WARN_EMPTY_BODY = YES;
				CLANG_WARN_ENUM_CONVERSION = YES;
				CLANG_WARN_INFINITE_RECURSION = YES;
				CLANG_WARN_INT_CONVERSION = YES;
				CLANG_WARN_NON_LITERAL_NULL_CONVERSION = YES;
				CLANG_WARN_OBJC_IMPLICIT_RETAIN_SELF = YES;
				CLANG_WARN_OBJC_LITERAL_CONVERSION = YES;
				CLANG_WARN_OBJC_ROOT_CLASS = YES_ERROR;
				CLANG_WARN_QUOTED_INCLUDE_IN_FRAMEWORK_HEADER = YES;
				CLANG_WARN_RANGE_LOOP_ANALYSIS = YES;
				CLANG_WARN_STRICT_PROTOTYPES = YES;
				CLANG_WARN_SUSPICIOUS_MOVE = YES;
				CLANG_WARN_UNGUARDED_AVAILABILITY = YES_AGGRESSIVE;
				CLANG_WARN_UNREACHABLE_CODE = YES;
				CLANG_WARN__DUPLICATE_METHOD_MATCH = YES;
				COPY_PHASE_STRIP = NO;
				DEBUG_INFORMATION_FORMAT = "dwarf-with-dsym";
				ENABLE_NS_ASSERTIONS = NO;
				ENABLE_STRICT_OBJC_MSGSEND = YES;
				ENABLE_USER_SCRIPT_SANDBOXING = YES;
				GCC_C_LANGUAGE_STANDARD = gnu17;
				GCC_NO_COMMON_BLOCKS = YES;
				GCC_WARN_64_TO_32_BIT_CONVERSION = YES;
				GCC_WARN_ABOUT_RETURN_TYPE = YES_ERROR;
				GCC_WARN_UNDECLARED_SELECTOR = YES;
				GCC_WARN_UNINITIALIZED_AUTOS = YES_AGGRESSIVE;
				GCC_WARN_UNUSED_FUNCTION = YES;
				GCC_WARN_UNUSED_VARIABLE = YES;
				IPHONEOS_DEPLOYMENT_TARGET = 17.5;
				LOCALIZATION_PREFERS_STRING_CATALOGS = YES;
				MTL_ENABLE_DEBUG_INFO = NO;
				MTL_FAST_MATH = YES;
				SDKROOT = iphoneos;
				SWIFT_COMPILATION_MODE = wholemodule;
				VALIDATE_PRODUCT = YES;
			};
			name = Release;
		};
		91BCDF402D1C4B6500D3B5E5 /* Debug */ = {
			isa = XCBuildConfiguration;
			baseConfigurationReference = 113AC556BDF90638FD122231 /* Pods-MyTask.debug.xcconfig */;
			buildSettings = {
				ASSETCATALOG_COMPILER_APPICON_NAME = AppIcon;
				ASSETCATALOG_COMPILER_GLOBAL_ACCENT_COLOR_NAME = AccentColor;
				CODE_SIGN_STYLE = Automatic;
				CURRENT_PROJECT_VERSION = 1;
				DEVELOPMENT_TEAM = UZVJKNB3WY;
				ENABLE_USER_SCRIPT_SANDBOXING = NO;
				GENERATE_INFOPLIST_FILE = YES;
				INFOPLIST_FILE = MyTask/Resources/Info.plist;
				INFOPLIST_KEY_UIApplicationSupportsIndirectInputEvents = YES;
				INFOPLIST_KEY_UILaunchStoryboardName = LaunchScreen;
				INFOPLIST_KEY_UIMainStoryboardFile = Main;
				INFOPLIST_KEY_UISupportedInterfaceOrientations = UIInterfaceOrientationPortrait;
				INFOPLIST_KEY_UISupportedInterfaceOrientations_iPad = "UIInterfaceOrientationLandscapeLeft UIInterfaceOrientationLandscapeRight UIInterfaceOrientationPortrait UIInterfaceOrientationPortraitUpsideDown";
				IPHONEOS_DEPLOYMENT_TARGET = 12.0;
				LD_RUNPATH_SEARCH_PATHS = (
					"$(inherited)",
					"@executable_path/Frameworks",
				);
				MARKETING_VERSION = 1.0;
				PRODUCT_BUNDLE_IDENTIFIER = ru.nikolaidev.MyTask;
				PRODUCT_NAME = "$(TARGET_NAME)";
				SUPPORTED_PLATFORMS = "iphoneos iphonesimulator";
				SUPPORTS_MACCATALYST = NO;
				SUPPORTS_MAC_DESIGNED_FOR_IPHONE_IPAD = NO;
				SUPPORTS_XR_DESIGNED_FOR_IPHONE_IPAD = NO;
				SWIFT_EMIT_LOC_STRINGS = YES;
				SWIFT_VERSION = 5.0;
				TARGETED_DEVICE_FAMILY = 1;
			};
			name = Debug;
		};
		91BCDF412D1C4B6500D3B5E5 /* Release */ = {
			isa = XCBuildConfiguration;
			baseConfigurationReference = 581830D2F4977D9C82F4C118 /* Pods-MyTask.release.xcconfig */;
			buildSettings = {
				ASSETCATALOG_COMPILER_APPICON_NAME = AppIcon;
				ASSETCATALOG_COMPILER_GLOBAL_ACCENT_COLOR_NAME = AccentColor;
				CODE_SIGN_STYLE = Automatic;
				CURRENT_PROJECT_VERSION = 1;
				DEVELOPMENT_TEAM = UZVJKNB3WY;
				ENABLE_USER_SCRIPT_SANDBOXING = NO;
				GENERATE_INFOPLIST_FILE = YES;
				INFOPLIST_FILE = MyTask/Resources/Info.plist;
				INFOPLIST_KEY_UIApplicationSupportsIndirectInputEvents = YES;
				INFOPLIST_KEY_UILaunchStoryboardName = LaunchScreen;
				INFOPLIST_KEY_UIMainStoryboardFile = Main;
				INFOPLIST_KEY_UISupportedInterfaceOrientations = UIInterfaceOrientationPortrait;
				INFOPLIST_KEY_UISupportedInterfaceOrientations_iPad = "UIInterfaceOrientationLandscapeLeft UIInterfaceOrientationLandscapeRight UIInterfaceOrientationPortrait UIInterfaceOrientationPortraitUpsideDown";
				IPHONEOS_DEPLOYMENT_TARGET = 12.0;
				LD_RUNPATH_SEARCH_PATHS = (
					"$(inherited)",
					"@executable_path/Frameworks",
				);
				MARKETING_VERSION = 1.0;
				PRODUCT_BUNDLE_IDENTIFIER = ru.nikolaidev.MyTask;
				PRODUCT_NAME = "$(TARGET_NAME)";
				SUPPORTED_PLATFORMS = "iphoneos iphonesimulator";
				SUPPORTS_MACCATALYST = NO;
				SUPPORTS_MAC_DESIGNED_FOR_IPHONE_IPAD = NO;
				SUPPORTS_XR_DESIGNED_FOR_IPHONE_IPAD = NO;
				SWIFT_EMIT_LOC_STRINGS = YES;
				SWIFT_VERSION = 5.0;
				TARGETED_DEVICE_FAMILY = 1;
			};
			name = Release;
		};
/* End XCBuildConfiguration section */

/* Begin XCConfigurationList section */
		91844D552D2023B00008C618 /* Build configuration list for PBXNativeTarget "MyTaskTests" */ = {
			isa = XCConfigurationList;
			buildConfigurations = (
				91844D532D2023B00008C618 /* Debug */,
				91844D542D2023B00008C618 /* Release */,
			);
			defaultConfigurationIsVisible = 0;
			defaultConfigurationName = Release;
		};
		91BCDF262D1C4B6400D3B5E5 /* Build configuration list for PBXProject "MyTask" */ = {
			isa = XCConfigurationList;
			buildConfigurations = (
				91BCDF3D2D1C4B6500D3B5E5 /* Debug */,
				91BCDF3E2D1C4B6500D3B5E5 /* Release */,
			);
			defaultConfigurationIsVisible = 0;
			defaultConfigurationName = Release;
		};
		91BCDF3F2D1C4B6500D3B5E5 /* Build configuration list for PBXNativeTarget "MyTask" */ = {
			isa = XCConfigurationList;
			buildConfigurations = (
				91BCDF402D1C4B6500D3B5E5 /* Debug */,
				91BCDF412D1C4B6500D3B5E5 /* Release */,
			);
			defaultConfigurationIsVisible = 0;
			defaultConfigurationName = Release;
		};
/* End XCConfigurationList section */
	};
	rootObject = 91BCDF232D1C4B6400D3B5E5 /* Project object */;
}
